
Microsoft Visual Studio Solution File, Format Version 12.00
# Visual Studio Version 17
VisualStudioVersion = 17.0.32112.339
MinimumVisualStudioVersion = 10.0.40219.1
Project("{8BC9CEB8-8B4A-11D0-8D11-00A0C91BC942}") = "Chess Queen Assignment", "Chess Queen Assignment.vcxproj", "{D9929530-B8AF-4737-8798-3B57E8C68DAA}"
EndProject
Global
	GlobalSection(SolutionConfigurationPlatforms) = preSolution
		Debug|x64 = Debug|x64
		Debug|x86 = Debug|x86
		Release|x64 = Release|x64
		Release|x86 = Release|x86
	EndGlobalSection
	GlobalSection(ProjectConfigurationPlatforms) = postSolution
		{D9929530-B8AF-4737-8798-3B57E8C68DAA}.Debug|x64.ActiveCfg = Debug|x64
		{D9929530-B8AF-4737-8798-3B57E8C68DAA}.Debug|x64.Build.0 = Debug|x64
		{D9929530-B8AF-4737-8798-3B57E8C68DAA}.Debug|x86.ActiveCfg = Debug|Win32
		{D9929530-B8AF-4737-8798-3B57E8C68DAA}.Debug|x86.Build.0 = Debug|Win32
		{D9929530-B8AF-4737-8798-3B57E8C68DAA}.Release|x64.ActiveCfg = Release|x64
		{D9929530-B8AF-4737-8798-3B57E8C68DAA}.Release|x64.Build.0 = Release|x64
		{D9929530-B8AF-4737-8798-3B57E8C68DAA}.Release|x86.ActiveCfg = Release|Win32
		{D9929530-B8AF-4737-8798-3B57E8C68DAA}.Release|x86.Build.0 = Release|Win32
	EndGlobalSection
	GlobalSection(SolutionProperties) = preSolution
		HideSolutionNode = FALSE
	EndGlobalSection
	GlobalSection(ExtensibilityGlobals) = postSolution
		SolutionGuid = {904A446C-AF1B-45FD-BED7-5E5F1527D826}
	EndGlobalSection
EndGlobal
